
Microsoft Visual Studio Solution File, Format Version 12.00
# Visual Studio Version 16
VisualStudioVersion = 16.0.31105.61
MinimumVisualStudioVersion = 10.0.40219.1
Project("{FAE04EC0-301F-11D3-BF4B-00C04F79EFBC}") = "Area51", "Area51\Area51.csproj", "{D4A59169-976D-4044-B4A3-F9B0BA7BBC85}"
EndProject
Global
	GlobalSection(SolutionConfigurationPlatforms) = preSolution
		Debug|Any CPU = Debug|Any CPU
		Release|Any CPU = Release|Any CPU
	EndGlobalSection
	GlobalSection(ProjectConfigurationPlatforms) = postSolution
		{D4A59169-976D-4044-B4A3-F9B0BA7BBC85}.Debug|Any CPU.ActiveCfg = Debug|Any CPU
		{D4A59169-976D-4044-B4A3-F9B0BA7BBC85}.Debug|Any CPU.Build.0 = Debug|Any CPU
		{D4A59169-976D-4044-B4A3-F9B0BA7BBC85}.Release|Any CPU.ActiveCfg = Release|Any CPU
		{D4A59169-976D-4044-B4A3-F9B0BA7BBC85}.Release|Any CPU.Build.0 = Release|Any CPU
	EndGlobalSection
	GlobalSection(SolutionProperties) = preSolution
		HideSolutionNode = FALSE
	EndGlobalSection
	GlobalSection(ExtensibilityGlobals) = postSolution
		SolutionGuid = {D6E49259-065E-4427-8DFE-9737795DD802}
	EndGlobalSection
EndGlobal
